<?xml version="1.0" encoding="utf-8"?>
<Project ToolsVersion="4.0" xmlns="http://schemas.microsoft.com/developer/msbuild/2003">
  <ItemGroup>
    <Filter Include="소스 파일">
      <UniqueIdentifier>{4FC737F1-C7A5-4376-A066-2A32D752A2FF}</UniqueIdentifier>
      <Extensions>cpp;c;cc;cxx;c++;cppm;ixx;def;odl;idl;hpj;bat;asm;asmx</Extensions>
    </Filter>
    <Filter Include="헤더 파일">
      <UniqueIdentifier>{93995380-89BD-4b04-88EB-625FBE52EBFB}</UniqueIdentifier>
      <Extensions>h;hh;hpp;hxx;h++;hm;inl;inc;ipp;xsd</Extensions>
    </Filter>
    <Filter Include="리소스 파일">
      <UniqueIdentifier>{67DA6AB6-F800-4c08-8B7A-83BB121AAD01}</UniqueIdentifier>
      <Extensions>rc;ico;cur;bmp;dlg;rc2;rct;bin;rgs;gif;jpg;jpeg;jpe;resx;tiff;tif;png;wav;mfcribbon-ms</Extensions>
    </Filter>
  </ItemGroup>
  <ItemGroup>
    <ClCompile Include="소스.cpp">
      <Filter>소스 파일</Filter>
    </ClCompile>
  </ItemGroup>
  <ItemGroup>
    <ClInclude Include="_0409_LV1_두개의 수의 합.h">
      <Filter>헤더 파일</Filter>
    </ClInclude>
    <ClInclude Include="_0409_LV1_크레인인형뽑기.h">
      <Filter>헤더 파일</Filter>
    </ClInclude>
    <ClInclude Include="_0410_LV1_완주하지 못한 선수.h">
      <Filter>헤더 파일</Filter>
    </ClInclude>
    <ClInclude Include="_0410_LV1_신규아이디 추천.h">
      <Filter>헤더 파일</Filter>
    </ClInclude>
    <ClInclude Include="_0412_LV1_3진법 뒤집기.h">
      <Filter>헤더 파일</Filter>
    </ClInclude>
    <ClInclude Include="_0412_LV1_K번째.h">
      <Filter>헤더 파일</Filter>
    </ClInclude>
    <ClInclude Include="_0412_LV1_모의고사.h">
      <Filter>헤더 파일</Filter>
    </ClInclude>
    <ClInclude Include="_0412_LV1_체육복.h">
      <Filter>헤더 파일</Filter>
    </ClInclude>
    <ClInclude Include="_0412_LV1_가운데 글자 가져오기.h">
      <Filter>헤더 파일</Filter>
    </ClInclude>
    <ClInclude Include="_0412_LV1_같은숫자는 싫어.h">
      <Filter>헤더 파일</Filter>
    </ClInclude>
    <ClInclude Include="_0413_LV1_나누어 떨어지는 숫자배열.h">
      <Filter>헤더 파일</Filter>
    </ClInclude>
    <ClInclude Include="_0413_LV1_두 정수 사이의 합.h">
      <Filter>헤더 파일</Filter>
    </ClInclude>
    <ClInclude Include="_0413_LV1_문자열 내 마음대로 정렬하기.h">
      <Filter>헤더 파일</Filter>
    </ClInclude>
    <ClInclude Include="_0413_LV1_폰켓몬.h">
      <Filter>헤더 파일</Filter>
    </ClInclude>
    <ClInclude Include="_0413_LV1_문자열 내 p와y의 개수h.h">
      <Filter>헤더 파일</Filter>
    </ClInclude>
    <ClInclude Include="_0414_LV1_문자열 내림차순으로 정렬하기.h">
      <Filter>헤더 파일</Filter>
    </ClInclude>
  </ItemGroup>
</Project>