
Microsoft Visual Studio Solution File, Format Version 12.00
# Visual Studio Version 16
VisualStudioVersion = 16.0.31112.23
MinimumVisualStudioVersion = 10.0.40219.1
Project("{FAE04EC0-301F-11D3-BF4B-00C04F79EFBC}") = "ConsoleApp5", "ConsoleApp5\ConsoleApp5.csproj", "{EAEE872C-E430-4ED8-9EF2-2D8C8C4158EF}"
EndProject
Global
	GlobalSection(SolutionConfigurationPlatforms) = preSolution
		Debug|Any CPU = Debug|Any CPU
		Release|Any CPU = Release|Any CPU
	EndGlobalSection
	GlobalSection(ProjectConfigurationPlatforms) = postSolution
		{EAEE872C-E430-4ED8-9EF2-2D8C8C4158EF}.Debug|Any CPU.ActiveCfg = Debug|Any CPU
		{EAEE872C-E430-4ED8-9EF2-2D8C8C4158EF}.Debug|Any CPU.Build.0 = Debug|Any CPU
		{EAEE872C-E430-4ED8-9EF2-2D8C8C4158EF}.Release|Any CPU.ActiveCfg = Release|Any CPU
		{EAEE872C-E430-4ED8-9EF2-2D8C8C4158EF}.Release|Any CPU.Build.0 = Release|Any CPU
	EndGlobalSection
	GlobalSection(SolutionProperties) = preSolution
		HideSolutionNode = FALSE
	EndGlobalSection
	GlobalSection(ExtensibilityGlobals) = postSolution
		SolutionGuid = {E367B020-1F99-4098-97DD-90E26F176885}
	EndGlobalSection
EndGlobal
